// !$*UTF8*$!
{
	archiveVersion = 1;
	classes = {
	};
	objectVersion = 50;
	objects = {

/* Begin PBXBuildFile section */
		FF54B22122474B57005B0B34 /* AppDelegate.swift in Sources */ = {isa = PBXBuildFile; fileRef = FF54B22022474B57005B0B34 /* AppDelegate.swift */; };
		FF54B22322474B57005B0B34 /* ViewController.swift in Sources */ = {isa = PBXBuildFile; fileRef = FF54B22222474B57005B0B34 /* ViewController.swift */; };
		FF54B22622474B57005B0B34 /* Main.storyboard in Resources */ = {isa = PBXBuildFile; fileRef = FF54B22422474B57005B0B34 /* Main.storyboard */; };
		FF54B22822474B59005B0B34 /* Assets.xcassets in Resources */ = {isa = PBXBuildFile; fileRef = FF54B22722474B59005B0B34 /* Assets.xcassets */; };
		FF54B22B22474B59005B0B34 /* LaunchScreen.storyboard in Resources */ = {isa = PBXBuildFile; fileRef = FF54B22922474B59005B0B34 /* LaunchScreen.storyboard */; };
		FF54B23622474B59005B0B34 /* EducateOurGirlsTests.swift in Sources */ = {isa = PBXBuildFile; fileRef = FF54B23522474B59005B0B34 /* EducateOurGirlsTests.swift */; };
		FF54B24122474B59005B0B34 /* EducateOurGirlsUITests.swift in Sources */ = {isa = PBXBuildFile; fileRef = FF54B24022474B59005B0B34 /* EducateOurGirlsUITests.swift */; };
		FF54B28F2247564D005B0B34 /* page2.swift in Sources */ = {isa = PBXBuildFile; fileRef = FF54B28E2247564D005B0B34 /* page2.swift */; };
		FF54B2912247708C005B0B34 /* options.swift in Sources */ = {isa = PBXBuildFile; fileRef = FF54B2902247708C005B0B34 /* options.swift */; };
		FF54B29322477288005B0B34 /* facts.swift in Sources */ = {isa = PBXBuildFile; fileRef = FF54B29222477288005B0B34 /* facts.swift */; };
/* End PBXBuildFile section */

/* Begin PBXContainerItemProxy section */
		FF54B23222474B59005B0B34 /* PBXContainerItemProxy */ = {
			isa = PBXContainerItemProxy;
			containerPortal = FF54B21522474B57005B0B34 /* Project object */;
			proxyType = 1;
			remoteGlobalIDString = FF54B21C22474B57005B0B34;
			remoteInfo = EducateOurGirls;
		};
		FF54B23D22474B59005B0B34 /* PBXContainerItemProxy */ = {
			isa = PBXContainerItemProxy;
			containerPortal = FF54B21522474B57005B0B34 /* Project object */;
			proxyType = 1;
			remoteGlobalIDString = FF54B21C22474B57005B0B34;
			remoteInfo = EducateOurGirls;
		};
/* End PBXContainerItemProxy section */

/* Begin PBXFileReference section */
		FF54B21D22474B57005B0B34 /* EducateOurGirls.app */ = {isa = PBXFileReference; explicitFileType = wrapper.application; includeInIndex = 0; path = EducateOurGirls.app; sourceTree = BUILT_PRODUCTS_DIR; };
		FF54B22022474B57005B0B34 /* AppDelegate.swift */ = {isa = PBXFileReference; lastKnownFileType = sourcecode.swift; path = AppDelegate.swift; sourceTree = "<group>"; };
		FF54B22222474B57005B0B34 /* ViewController.swift */ = {isa = PBXFileReference; lastKnownFileType = sourcecode.swift; path = ViewController.swift; sourceTree = "<group>"; };
		FF54B22522474B57005B0B34 /* Base */ = {isa = PBXFileReference; lastKnownFileType = file.storyboard; name = Base; path = Base.lproj/Main.storyboard; sourceTree = "<group>"; };
		FF54B22722474B59005B0B34 /* Assets.xcassets */ = {isa = PBXFileReference; lastKnownFileType = folder.assetcatalog; path = Assets.xcassets; sourceTree = "<group>"; };
		FF54B22A22474B59005B0B34 /* Base */ = {isa = PBXFileReference; lastKnownFileType = file.storyboard; name = Base; path = Base.lproj/LaunchScreen.storyboard; sourceTree = "<group>"; };
		FF54B22C22474B59005B0B34 /* Info.plist */ = {isa = PBXFileReference; lastKnownFileType = text.plist.xml; path = Info.plist; sourceTree = "<group>"; };
		FF54B23122474B59005B0B34 /* EducateOurGirlsTests.xctest */ = {isa = PBXFileReference; explicitFileType = wrapper.cfbundle; includeInIndex = 0; path = EducateOurGirlsTests.xctest; sourceTree = BUILT_PRODUCTS_DIR; };
		FF54B23522474B59005B0B34 /* EducateOurGirlsTests.swift */ = {isa = PBXFileReference; lastKnownFileType = sourcecode.swift; path = EducateOurGirlsTests.swift; sourceTree = "<group>"; };
		FF54B23722474B59005B0B34 /* Info.plist */ = {isa = PBXFileReference; lastKnownFileType = text.plist.xml; path = Info.plist; sourceTree = "<group>"; };
		FF54B23C22474B59005B0B34 /* EducateOurGirlsUITests.xctest */ = {isa = PBXFileReference; explicitFileType = wrapper.cfbundle; includeInIndex = 0; path = EducateOurGirlsUITests.xctest; sourceTree = BUILT_PRODUCTS_DIR; };
		FF54B24022474B59005B0B34 /* EducateOurGirlsUITests.swift */ = {isa = PBXFileReference; lastKnownFileType = sourcecode.swift; path = EducateOurGirlsUITests.swift; sourceTree = "<group>"; };
		FF54B24222474B59005B0B34 /* Info.plist */ = {isa = PBXFileReference; lastKnownFileType = text.plist.xml; path = Info.plist; sourceTree = "<group>"; };
		FF54B28E2247564D005B0B34 /* page2.swift */ = {isa = PBXFileReference; lastKnownFileType = sourcecode.swift; path = page2.swift; sourceTree = "<group>"; };
		FF54B2902247708C005B0B34 /* options.swift */ = {isa = PBXFileReference; lastKnownFileType = sourcecode.swift; path = options.swift; sourceTree = "<group>"; };
		FF54B29222477288005B0B34 /* facts.swift */ = {isa = PBXFileReference; lastKnownFileType = sourcecode.swift; path = facts.swift; sourceTree = "<group>"; };
/* End PBXFileReference section */

/* Begin PBXFrameworksBuildPhase section */
		FF54B21A22474B57005B0B34 /* Frameworks */ = {
			isa = PBXFrameworksBuildPhase;
			buildActionMask = 2147483647;
			files = (
			);
			runOnlyForDeploymentPostprocessing = 0;
		};
		FF54B22E22474B59005B0B34 /* Frameworks */ = {
			isa = PBXFrameworksBuildPhase;
			buildActionMask = 2147483647;
			files = (
			);
			runOnlyForDeploymentPostprocessing = 0;
		};
		FF54B23922474B59005B0B34 /* Frameworks */ = {
			isa = PBXFrameworksBuildPhase;
			buildActionMask = 2147483647;
			files = (
			);
			runOnlyForDeploymentPostprocessing = 0;
		};
/* End PBXFrameworksBuildPhase section */

/* Begin PBXGroup section */
		FF54B21422474B57005B0B34 = {
			isa = PBXGroup;
			children = (
				FF54B21F22474B57005B0B34 /* EducateOurGirls */,
				FF54B23422474B59005B0B34 /* EducateOurGirlsTests */,
				FF54B23F22474B59005B0B34 /* EducateOurGirlsUITests */,
				FF54B21E22474B57005B0B34 /* Products */,
			);
			sourceTree = "<group>";
		};
		FF54B21E22474B57005B0B34 /* Products */ = {
			isa = PBXGroup;
			children = (
				FF54B21D22474B57005B0B34 /* EducateOurGirls.app */,
				FF54B23122474B59005B0B34 /* EducateOurGirlsTests.xctest */,
				FF54B23C22474B59005B0B34 /* EducateOurGirlsUITests.xctest */,
			);
			name = Products;
			sourceTree = "<group>";
		};
		FF54B21F22474B57005B0B34 /* EducateOurGirls */ = {
			isa = PBXGroup;
			children = (
				FF54B22022474B57005B0B34 /* AppDelegate.swift */,
				FF54B22222474B57005B0B34 /* ViewController.swift */,
				FF54B29222477288005B0B34 /* facts.swift */,
				FF54B2902247708C005B0B34 /* options.swift */,
				FF54B28E2247564D005B0B34 /* page2.swift */,
				FF54B22422474B57005B0B34 /* Main.storyboard */,
				FF54B22722474B59005B0B34 /* Assets.xcassets */,
				FF54B22922474B59005B0B34 /* LaunchScreen.storyboard */,
				FF54B22C22474B59005B0B34 /* Info.plist */,
			);
			path = EducateOurGirls;
			sourceTree = "<group>";
		};
		FF54B23422474B59005B0B34 /* EducateOurGirlsTests */ = {
			isa = PBXGroup;
			children = (
				FF54B23522474B59005B0B34 /* EducateOurGirlsTests.swift */,
				FF54B23722474B59005B0B34 /* Info.plist */,
			);
			path = EducateOurGirlsTests;
			sourceTree = "<group>";
		};
		FF54B23F22474B59005B0B34 /* EducateOurGirlsUITests */ = {
			isa = PBXGroup;
			children = (
				FF54B24022474B59005B0B34 /* EducateOurGirlsUITests.swift */,
				FF54B24222474B59005B0B34 /* Info.plist */,
			);
			path = EducateOurGirlsUITests;
			sourceTree = "<group>";
		};
/* End PBXGroup section */

/* Begin PBXNativeTarget section */
		FF54B21C22474B57005B0B34 /* EducateOurGirls */ = {
			isa = PBXNativeTarget;
			buildConfigurationList = FF54B24522474B59005B0B34 /* Build configuration list for PBXNativeTarget "EducateOurGirls" */;
			buildPhases = (
				FF54B21922474B57005B0B34 /* Sources */,
				FF54B21A22474B57005B0B34 /* Frameworks */,
				FF54B21B22474B57005B0B34 /* Resources */,
			);
			buildRules = (
			);
			dependencies = (
			);
			name = EducateOurGirls;
			productName = EducateOurGirls;
			productReference = FF54B21D22474B57005B0B34 /* EducateOurGirls.app */;
			productType = "com.apple.product-type.application";
		};
		FF54B23022474B59005B0B34 /* EducateOurGirlsTests */ = {
			isa = PBXNativeTarget;
			buildConfigurationList = FF54B24822474B59005B0B34 /* Build configuration list for PBXNativeTarget "EducateOurGirlsTests" */;
			buildPhases = (
				FF54B22D22474B59005B0B34 /* Sources */,
				FF54B22E22474B59005B0B34 /* Frameworks */,
				FF54B22F22474B59005B0B34 /* Resources */,
			);
			buildRules = (
			);
			dependencies = (
				FF54B23322474B59005B0B34 /* PBXTargetDependency */,
			);
			name = EducateOurGirlsTests;
			productName = EducateOurGirlsTests;
			productReference = FF54B23122474B59005B0B34 /* EducateOurGirlsTests.xctest */;
			productType = "com.apple.product-type.bundle.unit-test";
		};
		FF54B23B22474B59005B0B34 /* EducateOurGirlsUITests */ = {
			isa = PBXNativeTarget;
			buildConfigurationList = FF54B24B22474B59005B0B34 /* Build configuration list for PBXNativeTarget "EducateOurGirlsUITests" */;
			buildPhases = (
				FF54B23822474B59005B0B34 /* Sources */,
				FF54B23922474B59005B0B34 /* Frameworks */,
				FF54B23A22474B59005B0B34 /* Resources */,
			);
			buildRules = (
			);
			dependencies = (
				FF54B23E22474B59005B0B34 /* PBXTargetDependency */,
			);
			name = EducateOurGirlsUITests;
			productName = EducateOurGirlsUITests;
			productReference = FF54B23C22474B59005B0B34 /* EducateOurGirlsUITests.xctest */;
			productType = "com.apple.product-type.bundle.ui-testing";
		};
/* End PBXNativeTarget section */

/* Begin PBXProject section */
		FF54B21522474B57005B0B34 /* Project object */ = {
			isa = PBXProject;
			attributes = {
				LastSwiftUpdateCheck = 1010;
				LastUpgradeCheck = 1010;
				ORGANIZATIONNAME = "Nuriman  Tjiptarto ";
				TargetAttributes = {
					FF54B21C22474B57005B0B34 = {
						CreatedOnToolsVersion = 10.1;
					};
					FF54B23022474B59005B0B34 = {
						CreatedOnToolsVersion = 10.1;
						TestTargetID = FF54B21C22474B57005B0B34;
					};
					FF54B23B22474B59005B0B34 = {
						CreatedOnToolsVersion = 10.1;
						TestTargetID = FF54B21C22474B57005B0B34;
					};
				};
			};
			buildConfigurationList = FF54B21822474B57005B0B34 /* Build configuration list for PBXProject "EducateOurGirls" */;
			compatibilityVersion = "Xcode 9.3";
			developmentRegion = en;
			hasScannedForEncodings = 0;
			knownRegions = (
				en,
				Base,
			);
			mainGroup = FF54B21422474B57005B0B34;
			productRefGroup = FF54B21E22474B57005B0B34 /* Products */;
			projectDirPath = "";
			projectRoot = "";
			targets = (
				FF54B21C22474B57005B0B34 /* EducateOurGirls */,
				FF54B23022474B59005B0B34 /* EducateOurGirlsTests */,
				FF54B23B22474B59005B0B34 /* EducateOurGirlsUITests */,
			);
		};
/* End PBXProject section */

/* Begin PBXResourcesBuildPhase section */
		FF54B21B22474B57005B0B34 /* Resources */ = {
			isa = PBXResourcesBuildPhase;
			buildActionMask = 2147483647;
			files = (
				FF54B22B22474B59005B0B34 /* LaunchScreen.storyboard in Resources */,
				FF54B22822474B59005B0B34 /* Assets.xcassets in Resources */,
				FF54B22622474B57005B0B34 /* Main.storyboard in Resources */,
			);
			runOnlyForDeploymentPostprocessing = 0;
		};
		FF54B22F22474B59005B0B34 /* Resources */ = {
			isa = PBXResourcesBuildPhase;
			buildActionMask = 2147483647;
			files = (
			);
			runOnlyForDeploymentPostprocessing = 0;
		};
		FF54B23A22474B59005B0B34 /* Resources */ = {
			isa = PBXResourcesBuildPhase;
			buildActionMask = 2147483647;
			files = (
			);
			runOnlyForDeploymentPostprocessing = 0;
		};
/* End PBXResourcesBuildPhase section */

/* Begin PBXSourcesBuildPhase section */
		FF54B21922474B57005B0B34 /* Sources */ = {
			isa = PBXSourcesBuildPhase;
			buildActionMask = 2147483647;
			files = (
				FF54B29322477288005B0B34 /* facts.swift in Sources */,
				FF54B2912247708C005B0B34 /* options.swift in Sources */,
				FF54B22322474B57005B0B34 /* ViewController.swift in Sources */,
				FF54B22122474B57005B0B34 /* AppDelegate.swift in Sources */,
				FF54B28F2247564D005B0B34 /* page2.swift in Sources */,
			);
			runOnlyForDeploymentPostprocessing = 0;
		};
		FF54B22D22474B59005B0B34 /* Sources */ = {
			isa = PBXSourcesBuildPhase;
			buildActionMask = 2147483647;
			files = (
				FF54B23622474B59005B0B34 /* EducateOurGirlsTests.swift in Sources */,
			);
			runOnlyForDeploymentPostprocessing = 0;
		};
		FF54B23822474B59005B0B34 /* Sources */ = {
			isa = PBXSourcesBuildPhase;
			buildActionMask = 2147483647;
			files = (
				FF54B24122474B59005B0B34 /* EducateOurGirlsUITests.swift in Sources */,
			);
			runOnlyForDeploymentPostprocessing = 0;
		};
/* End PBXSourcesBuildPhase section */

/* Begin PBXTargetDependency section */
		FF54B23322474B59005B0B34 /* PBXTargetDependency */ = {
			isa = PBXTargetDependency;
			target = FF54B21C22474B57005B0B34 /* EducateOurGirls */;
			targetProxy = FF54B23222474B59005B0B34 /* PBXContainerItemProxy */;
		};
		FF54B23E22474B59005B0B34 /* PBXTargetDependency */ = {
			isa = PBXTargetDependency;
			target = FF54B21C22474B57005B0B34 /* EducateOurGirls */;
			targetProxy = FF54B23D22474B59005B0B34 /* PBXContainerItemProxy */;
		};
/* End PBXTargetDependency section */

/* Begin PBXVariantGroup section */
		FF54B22422474B57005B0B34 /* Main.storyboard */ = {
			isa = PBXVariantGroup;
			children = (
				FF54B22522474B57005B0B34 /* Base */,
			);
			name = Main.storyboard;
			sourceTree = "<group>";
		};
		FF54B22922474B59005B0B34 /* LaunchScreen.storyboard */ = {
			isa = PBXVariantGroup;
			children = (
				FF54B22A22474B59005B0B34 /* Base */,
			);
			name = LaunchScreen.storyboard;
			sourceTree = "<group>";
		};
/* End PBXVariantGroup section */

/* Begin XCBuildConfiguration section */
		FF54B24322474B59005B0B34 /* Debug */ = {
			isa = XCBuildConfiguration;
			buildSettings = {
				ALWAYS_SEARCH_USER_PATHS = NO;
				CLANG_ANALYZER_NONNULL = YES;
				CLANG_ANALYZER_NUMBER_OBJECT_CONVERSION = YES_AGGRESSIVE;
				CLANG_CXX_LANGUAGE_STANDARD = "gnu++14";
				CLANG_CXX_LIBRARY = "libc++";
				CLANG_ENABLE_MODULES = YES;
				CLANG_ENABLE_OBJC_ARC = YES;
				CLANG_ENABLE_OBJC_WEAK = YES;
				CLANG_WARN_BLOCK_CAPTURE_AUTORELEASING = YES;
				CLANG_WARN_BOOL_CONVERSION = YES;
				CLANG_WARN_COMMA = YES;
				CLANG_WARN_CONSTANT_CONVERSION = YES;
				CLANG_WARN_DEPRECATED_OBJC_IMPLEMENTATIONS = YES;
				CLANG_WARN_DIRECT_OBJC_ISA_USAGE = YES_ERROR;
				CLANG_WARN_DOCUMENTATION_COMMENTS = YES;
				CLANG_WARN_EMPTY_BODY = YES;
				CLANG_WARN_ENUM_CONVERSION = YES;
				CLANG_WARN_INFINITE_RECURSION = YES;
				CLANG_WARN_INT_CONVERSION = YES;
				CLANG_WARN_NON_LITERAL_NULL_CONVERSION = YES;
				CLANG_WARN_OBJC_IMPLICIT_RETAIN_SELF = YES;
				CLANG_WARN_OBJC_LITERAL_CONVERSION = YES;
				CLANG_WARN_OBJC_ROOT_CLASS = YES_ERROR;
				CLANG_WARN_RANGE_LOOP_ANALYSIS = YES;
				CLANG_WARN_STRICT_PROTOTYPES = YES;
				CLANG_WARN_SUSPICIOUS_MOVE = YES;
				CLANG_WARN_UNGUARDED_AVAILABILITY = YES_AGGRESSIVE;
				CLANG_WARN_UNREACHABLE_CODE = YES;
				CLANG_WARN__DUPLICATE_METHOD_MATCH = YES;
				CODE_SIGN_IDENTITY = "iPhone Developer";
				COPY_PHASE_STRIP = NO;
				DEBUG_INFORMATION_FORMAT = dwarf;
				ENABLE_STRICT_OBJC_MSGSEND = YES;
				ENABLE_TESTABILITY = YES;
				GCC_C_LANGUAGE_STANDARD = gnu11;
				GCC_DYNAMIC_NO_PIC = NO;
				GCC_NO_COMMON_BLOCKS = YES;
				GCC_OPTIMIZATION_LEVEL = 0;
				GCC_PREPROCESSOR_DEFINITIONS = (
					"DEBUG=1",
					"$(inherited)",
				);
				GCC_WARN_64_TO_32_BIT_CONVERSION = YES;
				GCC_WARN_ABOUT_RETURN_TYPE = YES_ERROR;
				GCC_WARN_UNDECLARED_SELECTOR = YES;
				GCC_WARN_UNINITIALIZED_AUTOS = YES_AGGRESSIVE;
				GCC_WARN_UNUSED_FUNCTION = YES;
				GCC_WARN_UNUSED_VARIABLE = YES;
				IPHONEOS_DEPLOYMENT_TARGET = 12.1;
				MTL_ENABLE_DEBUG_INFO = INCLUDE_SOURCE;
				MTL_FAST_MATH = YES;
				ONLY_ACTIVE_ARCH = YES;
				SDKROOT = iphoneos;
				SWIFT_ACTIVE_COMPILATION_CONDITIONS = DEBUG;
				SWIFT_OPTIMIZATION_LEVEL = "-Onone";
			};
			name = Debug;
		};
		FF54B24422474B59005B0B34 /* Release */ = {
			isa = XCBuildConfiguration;
			buildSettings = {
				ALWAYS_SEARCH_USER_PATHS = NO;
				CLANG_ANALYZER_NONNULL = YES;
				CLANG_ANALYZER_NUMBER_OBJECT_CONVERSION = YES_AGGRESSIVE;
				CLANG_CXX_LANGUAGE_STANDARD = "gnu++14";
				CLANG_CXX_LIBRARY = "libc++";
				CLANG_ENABLE_MODULES = YES;
				CLANG_ENABLE_OBJC_ARC = YES;
				CLANG_ENABLE_OBJC_WEAK = YES;
				CLANG_WARN_BLOCK_CAPTURE_AUTORELEASING = YES;
				CLANG_WARN_BOOL_CONVERSION = YES;
				CLANG_WARN_COMMA = YES;
				CLANG_WARN_CONSTANT_CONVERSION = YES;
				CLANG_WARN_DEPRECATED_OBJC_IMPLEMENTATIONS = YES;
				CLANG_WARN_DIRECT_OBJC_ISA_USAGE = YES_ERROR;
				CLANG_WARN_DOCUMENTATION_COMMENTS = YES;
				CLANG_WARN_EMPTY_BODY = YES;
				CLANG_WARN_ENUM_CONVERSION = YES;
				CLANG_WARN_INFINITE_RECURSION = YES;
				CLANG_WARN_INT_CONVERSION = YES;
				CLANG_WARN_NON_LITERAL_NULL_CONVERSION = YES;
				CLANG_WARN_OBJC_IMPLICIT_RETAIN_SELF = YES;
				CLANG_WARN_OBJC_LITERAL_CONVERSION = YES;
				CLANG_WARN_OBJC_ROOT_CLASS = YES_ERROR;
				CLANG_WARN_RANGE_LOOP_ANALYSIS = YES;
				CLANG_WARN_STRICT_PROTOTYPES = YES;
				CLANG_WARN_SUSPICIOUS_MOVE = YES;
				CLANG_WARN_UNGUARDED_AVAILABILITY = YES_AGGRESSIVE;
				CLANG_WARN_UNREACHABLE_CODE = YES;
				CLANG_WARN__DUPLICATE_METHOD_MATCH = YES;
				CODE_SIGN_IDENTITY = "iPhone Developer";
				COPY_PHASE_STRIP = NO;
				DEBUG_INFORMATION_FORMAT = "dwarf-with-dsym";
				ENABLE_NS_ASSERTIONS = NO;
				ENABLE_STRICT_OBJC_MSGSEND = YES;
				GCC_C_LANGUAGE_STANDARD = gnu11;
				GCC_NO_COMMON_BLOCKS = YES;
				GCC_WARN_64_TO_32_BIT_CONVERSION = YES;
				GCC_WARN_ABOUT_RETURN_TYPE = YES_ERROR;
				GCC_WARN_UNDECLARED_SELECTOR = YES;
				GCC_WARN_UNINITIALIZED_AUTOS = YES_AGGRESSIVE;
				GCC_WARN_UNUSED_FUNCTION = YES;
				GCC_WARN_UNUSED_VARIABLE = YES;
				IPHONEOS_DEPLOYMENT_TARGET = 12.1;
				MTL_ENABLE_DEBUG_INFO = NO;
				MTL_FAST_MATH = YES;
				SDKROOT = iphoneos;
				SWIFT_COMPILATION_MODE = wholemodule;
				SWIFT_OPTIMIZATION_LEVEL = "-O";
				VALIDATE_PRODUCT = YES;
			};
			name = Release;
		};
		FF54B24622474B59005B0B34 /* Debug */ = {
			isa = XCBuildConfiguration;
			buildSettings = {
				ASSETCATALOG_COMPILER_APPICON_NAME = AppIcon;
				CODE_SIGN_STYLE = Automatic;
				DEVELOPMENT_TEAM = 235WPM5SVM;
				INFOPLIST_FILE = EducateOurGirls/Info.plist;
				LD_RUNPATH_SEARCH_PATHS = (
					"$(inherited)",
					"@executable_path/Frameworks",
				);
				PRODUCT_BUNDLE_IDENTIFIER = AccessEducation.EducateOurGirls;
				PRODUCT_NAME = "$(TARGET_NAME)";
				SWIFT_VERSION = 4.2;
				TARGETED_DEVICE_FAMILY = "1,2";
			};
			name = Debug;
		};
		FF54B24722474B59005B0B34 /* Release */ = {
			isa = XCBuildConfiguration;
			buildSettings = {
				ASSETCATALOG_COMPILER_APPICON_NAME = AppIcon;
				CODE_SIGN_STYLE = Automatic;
				DEVELOPMENT_TEAM = 235WPM5SVM;
				INFOPLIST_FILE = EducateOurGirls/Info.plist;
				LD_RUNPATH_SEARCH_PATHS = (
					"$(inherited)",
					"@executable_path/Frameworks",
				);
				PRODUCT_BUNDLE_IDENTIFIER = AccessEducation.EducateOurGirls;
				PRODUCT_NAME = "$(TARGET_NAME)";
				SWIFT_VERSION = 4.2;
				TARGETED_DEVICE_FAMILY = "1,2";
			};
			name = Release;
		};
		FF54B24922474B59005B0B34 /* Debug */ = {
			isa = XCBuildConfiguration;
			buildSettings = {
				ALWAYS_EMBED_SWIFT_STANDARD_LIBRARIES = YES;
				BUNDLE_LOADER = "$(TEST_HOST)";
				CODE_SIGN_STYLE = Automatic;
				DEVELOPMENT_TEAM = 235WPM5SVM;
				INFOPLIST_FILE = EducateOurGirlsTests/Info.plist;
				LD_RUNPATH_SEARCH_PATHS = (
					"$(inherited)",
					"@executable_path/Frameworks",
					"@loader_path/Frameworks",
				);
				PRODUCT_BUNDLE_IDENTIFIER = AccessEducation.EducateOurGirlsTests;
				PRODUCT_NAME = "$(TARGET_NAME)";
				SWIFT_VERSION = 4.2;
				TARGETED_DEVICE_FAMILY = "1,2";
				TEST_HOST = "$(BUILT_PRODUCTS_DIR)/EducateOurGirls.app/EducateOurGirls";
			};
			name = Debug;
		};
		FF54B24A22474B59005B0B34 /* Release */ = {
			isa = XCBuildConfiguration;
			buildSettings = {
				ALWAYS_EMBED_SWIFT_STANDARD_LIBRARIES = YES;
				BUNDLE_LOADER = "$(TEST_HOST)";
				CODE_SIGN_STYLE = Automatic;
				DEVELOPMENT_TEAM = 235WPM5SVM;
				INFOPLIST_FILE = EducateOurGirlsTests/Info.plist;
				LD_RUNPATH_SEARCH_PATHS = (
					"$(inherited)",
					"@executable_path/Frameworks",
					"@loader_path/Frameworks",
				);
				PRODUCT_BUNDLE_IDENTIFIER = AccessEducation.EducateOurGirlsTests;
				PRODUCT_NAME = "$(TARGET_NAME)";
				SWIFT_VERSION = 4.2;
				TARGETED_DEVICE_FAMILY = "1,2";
				TEST_HOST = "$(BUILT_PRODUCTS_DIR)/EducateOurGirls.app/EducateOurGirls";
			};
			name = Release;
		};
		FF54B24C22474B59005B0B34 /* Debug */ = {
			isa = XCBuildConfiguration;
			buildSettings = {
				ALWAYS_EMBED_SWIFT_STANDARD_LIBRARIES = YES;
				CODE_SIGN_STYLE = Automatic;
				DEVELOPMENT_TEAM = 235WPM5SVM;
				INFOPLIST_FILE = EducateOurGirlsUITests/Info.plist;
				LD_RUNPATH_SEARCH_PATHS = (
					"$(inherited)",
					"@executable_path/Frameworks",
					"@loader_path/Frameworks",
				);
				PRODUCT_BUNDLE_IDENTIFIER = AccessEducation.EducateOurGirlsUITests;
				PRODUCT_NAME = "$(TARGET_NAME)";
				SWIFT_VERSION = 4.2;
				TARGETED_DEVICE_FAMILY = "1,2";
				TEST_TARGET_NAME = EducateOurGirls;
			};
			name = Debug;
		};
		FF54B24D22474B59005B0B34 /* Release */ = {
			isa = XCBuildConfiguration;
			buildSettings = {
				ALWAYS_EMBED_SWIFT_STANDARD_LIBRARIES = YES;
				CODE_SIGN_STYLE = Automatic;
				DEVELOPMENT_TEAM = 235WPM5SVM;
				INFOPLIST_FILE = EducateOurGirlsUITests/Info.plist;
				LD_RUNPATH_SEARCH_PATHS = (
					"$(inherited)",
					"@executable_path/Frameworks",
					"@loader_path/Frameworks",
				);
				PRODUCT_BUNDLE_IDENTIFIER = AccessEducation.EducateOurGirlsUITests;
				PRODUCT_NAME = "$(TARGET_NAME)";
				SWIFT_VERSION = 4.2;
				TARGETED_DEVICE_FAMILY = "1,2";
				TEST_TARGET_NAME = EducateOurGirls;
			};
			name = Release;
		};
/* End XCBuildConfiguration section */

/* Begin XCConfigurationList section */
		FF54B21822474B57005B0B34 /* Build configuration list for PBXProject "EducateOurGirls" */ = {
			isa = XCConfigurationList;
			buildConfigurations = (
				FF54B24322474B59005B0B34 /* Debug */,
				FF54B24422474B59005B0B34 /* Release */,
			);
			defaultConfigurationIsVisible = 0;
			defaultConfigurationName = Release;
		};
		FF54B24522474B59005B0B34 /* Build configuration list for PBXNativeTarget "EducateOurGirls" */ = {
			isa = XCConfigurationList;
			buildConfigurations = (
				FF54B24622474B59005B0B34 /* Debug */,
				FF54B24722474B59005B0B34 /* Release */,
			);
			defaultConfigurationIsVisible = 0;
			defaultConfigurationName = Release;
		};
		FF54B24822474B59005B0B34 /* Build configuration list for PBXNativeTarget "EducateOurGirlsTests" */ = {
			isa = XCConfigurationList;
			buildConfigurations = (
				FF54B24922474B59005B0B34 /* Debug */,
				FF54B24A22474B59005B0B34 /* Release */,
			);
			defaultConfigurationIsVisible = 0;
			defaultConfigurationName = Release;
		};
		FF54B24B22474B59005B0B34 /* Build configuration list for PBXNativeTarget "EducateOurGirlsUITests" */ = {
			isa = XCConfigurationList;
			buildConfigurations = (
				FF54B24C22474B59005B0B34 /* Debug */,
				FF54B24D22474B59005B0B34 /* Release */,
			);
			defaultConfigurationIsVisible = 0;
			defaultConfigurationName = Release;
		};
/* End XCConfigurationList section */
	};
	rootObject = FF54B21522474B57005B0B34 /* Project object */;
}
